
Microsoft Visual Studio Solution File, Format Version 12.00
# Visual Studio 14
VisualStudioVersion = 14.0.23107.0
MinimumVisualStudioVersion = 10.0.40219.1
Project("{8BC9CEB8-8B4A-11D0-8D11-00A0C91BC942}") = "BasicUsageEnvironment", "BasicUsageEnvironment\BasicUsageEnvironment.vcxproj", "{46E8905C-1370-436F-8F01-87F3EDF6E067}"
EndProject
Project("{8BC9CEB8-8B4A-11D0-8D11-00A0C91BC942}") = "liveMedia", "liveMedia\liveMedia.vcxproj", "{00BD66C3-1EFC-40DD-B310-36D3A0CECDC4}"
EndProject
Project("{8BC9CEB8-8B4A-11D0-8D11-00A0C91BC942}") = "groupsock", "groupsock\groupsock.vcxproj", "{B65A2F72-A71D-4F24-A206-37D413AB40F7}"
EndProject
Project("{8BC9CEB8-8B4A-11D0-8D11-00A0C91BC942}") = "UsageEnvironment", "UsageEnvironment\UsageEnvironment.vcxproj", "{B071E6AE-37CE-4B12-BE37-71C76D524ABC}"
EndProject
Project("{2150E333-8FDC-42A3-9474-1A3956D46DE8}") = "lib", "lib", "{FC2FD27A-FB0E-4AB7-A900-39F6D2DB5553}"
EndProject
Project("{2150E333-8FDC-42A3-9474-1A3956D46DE8}") = "tools", "tools", "{505A056A-4E87-4931-954F-81591B6ED65C}"
EndProject
Project("{8BC9CEB8-8B4A-11D0-8D11-00A0C91BC942}") = "RTSPServer", "Tools\RTSPServer\RTSPServer.vcxproj", "{BAD4DFB4-A21E-4B89-9695-87F797D43B9A}"
EndProject
Project("{8BC9CEB8-8B4A-11D0-8D11-00A0C91BC942}") = "RTSPClient", "Tools\RTSPClient\RTSPClient.vcxproj", "{EB76D145-A778-4BA8-9C1A-D9488B9BC1BB}"
EndProject
Project("{8BC9CEB8-8B4A-11D0-8D11-00A0C91BC942}") = "RTSPClientEx", "Tools\RTSPClientEx\RTSPClientEx.vcxproj", "{65B21C0B-D35D-436E-B1D6-CC230A9A4156}"
EndProject
Project("{8BC9CEB8-8B4A-11D0-8D11-00A0C91BC942}") = "RTSPClentConsole", "Tools\RTSPClentConsole\RTSPClentConsole.vcxproj", "{6A5730A4-0D77-43F5-AC5C-F629A25577CD}"
EndProject
Global
	GlobalSection(SolutionConfigurationPlatforms) = preSolution
		Debug|x64 = Debug|x64
		Debug|x86 = Debug|x86
		Release|x64 = Release|x64
		Release|x86 = Release|x86
	EndGlobalSection
	GlobalSection(ProjectConfigurationPlatforms) = postSolution
		{46E8905C-1370-436F-8F01-87F3EDF6E067}.Debug|x64.ActiveCfg = Debug|x64
		{46E8905C-1370-436F-8F01-87F3EDF6E067}.Debug|x64.Build.0 = Debug|x64
		{46E8905C-1370-436F-8F01-87F3EDF6E067}.Debug|x86.ActiveCfg = Debug|Win32
		{46E8905C-1370-436F-8F01-87F3EDF6E067}.Debug|x86.Build.0 = Debug|Win32
		{46E8905C-1370-436F-8F01-87F3EDF6E067}.Release|x64.ActiveCfg = Release|x64
		{46E8905C-1370-436F-8F01-87F3EDF6E067}.Release|x64.Build.0 = Release|x64
		{46E8905C-1370-436F-8F01-87F3EDF6E067}.Release|x86.ActiveCfg = Release|Win32
		{46E8905C-1370-436F-8F01-87F3EDF6E067}.Release|x86.Build.0 = Release|Win32
		{00BD66C3-1EFC-40DD-B310-36D3A0CECDC4}.Debug|x64.ActiveCfg = Debug|x64
		{00BD66C3-1EFC-40DD-B310-36D3A0CECDC4}.Debug|x64.Build.0 = Debug|x64
		{00BD66C3-1EFC-40DD-B310-36D3A0CECDC4}.Debug|x86.ActiveCfg = Debug|Win32
		{00BD66C3-1EFC-40DD-B310-36D3A0CECDC4}.Debug|x86.Build.0 = Debug|Win32
		{00BD66C3-1EFC-40DD-B310-36D3A0CECDC4}.Release|x64.ActiveCfg = Release|x64
		{00BD66C3-1EFC-40DD-B310-36D3A0CECDC4}.Release|x64.Build.0 = Release|x64
		{00BD66C3-1EFC-40DD-B310-36D3A0CECDC4}.Release|x86.ActiveCfg = Release|Win32
		{00BD66C3-1EFC-40DD-B310-36D3A0CECDC4}.Release|x86.Build.0 = Release|Win32
		{B65A2F72-A71D-4F24-A206-37D413AB40F7}.Debug|x64.ActiveCfg = Debug|x64
		{B65A2F72-A71D-4F24-A206-37D413AB40F7}.Debug|x64.Build.0 = Debug|x64
		{B65A2F72-A71D-4F24-A206-37D413AB40F7}.Debug|x86.ActiveCfg = Debug|Win32
		{B65A2F72-A71D-4F24-A206-37D413AB40F7}.Debug|x86.Build.0 = Debug|Win32
		{B65A2F72-A71D-4F24-A206-37D413AB40F7}.Release|x64.ActiveCfg = Release|x64
		{B65A2F72-A71D-4F24-A206-37D413AB40F7}.Release|x64.Build.0 = Release|x64
		{B65A2F72-A71D-4F24-A206-37D413AB40F7}.Release|x86.ActiveCfg = Release|Win32
		{B65A2F72-A71D-4F24-A206-37D413AB40F7}.Release|x86.Build.0 = Release|Win32
		{B071E6AE-37CE-4B12-BE37-71C76D524ABC}.Debug|x64.ActiveCfg = Debug|x64
		{B071E6AE-37CE-4B12-BE37-71C76D524ABC}.Debug|x64.Build.0 = Debug|x64
		{B071E6AE-37CE-4B12-BE37-71C76D524ABC}.Debug|x86.ActiveCfg = Debug|Win32
		{B071E6AE-37CE-4B12-BE37-71C76D524ABC}.Debug|x86.Build.0 = Debug|Win32
		{B071E6AE-37CE-4B12-BE37-71C76D524ABC}.Release|x64.ActiveCfg = Release|x64
		{B071E6AE-37CE-4B12-BE37-71C76D524ABC}.Release|x64.Build.0 = Release|x64
		{B071E6AE-37CE-4B12-BE37-71C76D524ABC}.Release|x86.ActiveCfg = Release|Win32
		{B071E6AE-37CE-4B12-BE37-71C76D524ABC}.Release|x86.Build.0 = Release|Win32
		{BAD4DFB4-A21E-4B89-9695-87F797D43B9A}.Debug|x64.ActiveCfg = Debug|x64
		{BAD4DFB4-A21E-4B89-9695-87F797D43B9A}.Debug|x64.Build.0 = Debug|x64
		{BAD4DFB4-A21E-4B89-9695-87F797D43B9A}.Debug|x86.ActiveCfg = Debug|Win32
		{BAD4DFB4-A21E-4B89-9695-87F797D43B9A}.Debug|x86.Build.0 = Debug|Win32
		{BAD4DFB4-A21E-4B89-9695-87F797D43B9A}.Release|x64.ActiveCfg = Release|x64
		{BAD4DFB4-A21E-4B89-9695-87F797D43B9A}.Release|x64.Build.0 = Release|x64
		{BAD4DFB4-A21E-4B89-9695-87F797D43B9A}.Release|x86.ActiveCfg = Release|Win32
		{BAD4DFB4-A21E-4B89-9695-87F797D43B9A}.Release|x86.Build.0 = Release|Win32
		{EB76D145-A778-4BA8-9C1A-D9488B9BC1BB}.Debug|x64.ActiveCfg = Debug|x64
		{EB76D145-A778-4BA8-9C1A-D9488B9BC1BB}.Debug|x64.Build.0 = Debug|x64
		{EB76D145-A778-4BA8-9C1A-D9488B9BC1BB}.Debug|x86.ActiveCfg = Debug|Win32
		{EB76D145-A778-4BA8-9C1A-D9488B9BC1BB}.Debug|x86.Build.0 = Debug|Win32
		{EB76D145-A778-4BA8-9C1A-D9488B9BC1BB}.Release|x64.ActiveCfg = Release|x64
		{EB76D145-A778-4BA8-9C1A-D9488B9BC1BB}.Release|x64.Build.0 = Release|x64
		{EB76D145-A778-4BA8-9C1A-D9488B9BC1BB}.Release|x86.ActiveCfg = Release|Win32
		{EB76D145-A778-4BA8-9C1A-D9488B9BC1BB}.Release|x86.Build.0 = Release|Win32
		{65B21C0B-D35D-436E-B1D6-CC230A9A4156}.Debug|x64.ActiveCfg = Debug|x64
		{65B21C0B-D35D-436E-B1D6-CC230A9A4156}.Debug|x64.Build.0 = Debug|x64
		{65B21C0B-D35D-436E-B1D6-CC230A9A4156}.Debug|x86.ActiveCfg = Debug|Win32
		{65B21C0B-D35D-436E-B1D6-CC230A9A4156}.Debug|x86.Build.0 = Debug|Win32
		{65B21C0B-D35D-436E-B1D6-CC230A9A4156}.Release|x64.ActiveCfg = Release|x64
		{65B21C0B-D35D-436E-B1D6-CC230A9A4156}.Release|x64.Build.0 = Release|x64
		{65B21C0B-D35D-436E-B1D6-CC230A9A4156}.Release|x86.ActiveCfg = Release|Win32
		{65B21C0B-D35D-436E-B1D6-CC230A9A4156}.Release|x86.Build.0 = Release|Win32
		{6A5730A4-0D77-43F5-AC5C-F629A25577CD}.Debug|x64.ActiveCfg = Debug|x64
		{6A5730A4-0D77-43F5-AC5C-F629A25577CD}.Debug|x64.Build.0 = Debug|x64
		{6A5730A4-0D77-43F5-AC5C-F629A25577CD}.Debug|x86.ActiveCfg = Debug|Win32
		{6A5730A4-0D77-43F5-AC5C-F629A25577CD}.Debug|x86.Build.0 = Debug|Win32
		{6A5730A4-0D77-43F5-AC5C-F629A25577CD}.Release|x64.ActiveCfg = Release|x64
		{6A5730A4-0D77-43F5-AC5C-F629A25577CD}.Release|x64.Build.0 = Release|x64
		{6A5730A4-0D77-43F5-AC5C-F629A25577CD}.Release|x86.ActiveCfg = Release|Win32
		{6A5730A4-0D77-43F5-AC5C-F629A25577CD}.Release|x86.Build.0 = Release|Win32
	EndGlobalSection
	GlobalSection(SolutionProperties) = preSolution
		HideSolutionNode = FALSE
	EndGlobalSection
	GlobalSection(NestedProjects) = preSolution
		{46E8905C-1370-436F-8F01-87F3EDF6E067} = {FC2FD27A-FB0E-4AB7-A900-39F6D2DB5553}
		{00BD66C3-1EFC-40DD-B310-36D3A0CECDC4} = {FC2FD27A-FB0E-4AB7-A900-39F6D2DB5553}
		{B65A2F72-A71D-4F24-A206-37D413AB40F7} = {FC2FD27A-FB0E-4AB7-A900-39F6D2DB5553}
		{B071E6AE-37CE-4B12-BE37-71C76D524ABC} = {FC2FD27A-FB0E-4AB7-A900-39F6D2DB5553}
		{BAD4DFB4-A21E-4B89-9695-87F797D43B9A} = {505A056A-4E87-4931-954F-81591B6ED65C}
		{EB76D145-A778-4BA8-9C1A-D9488B9BC1BB} = {505A056A-4E87-4931-954F-81591B6ED65C}
		{65B21C0B-D35D-436E-B1D6-CC230A9A4156} = {505A056A-4E87-4931-954F-81591B6ED65C}
		{6A5730A4-0D77-43F5-AC5C-F629A25577CD} = {505A056A-4E87-4931-954F-81591B6ED65C}
	EndGlobalSection
EndGlobal
